// !$*UTF8*$!
{
	archiveVersion = 1;
	classes = {
	};
	objectVersion = 46;
	objects = {

/* Begin PBXBuildFile section */
		02CB779A1BF5014D0055CC11 /* main.m in Sources */ = {isa = PBXBuildFile; fileRef = 02CB77991BF5014D0055CC11 /* main.m */; };
		02CB779D1BF5014D0055CC11 /* AppDelegate.m in Sources */ = {isa = PBXBuildFile; fileRef = 02CB779C1BF5014D0055CC11 /* AppDelegate.m */; };
		02CB77A01BF5014D0055CC11 /* ViewController.m in Sources */ = {isa = PBXBuildFile; fileRef = 02CB779F1BF5014D0055CC11 /* ViewController.m */; };
		02CB77A31BF5014D0055CC11 /* Main.storyboard in Resources */ = {isa = PBXBuildFile; fileRef = 02CB77A11BF5014D0055CC11 /* Main.storyboard */; };
		02CB77A51BF5014D0055CC11 /* Assets.xcassets in Resources */ = {isa = PBXBuildFile; fileRef = 02CB77A41BF5014D0055CC11 /* Assets.xcassets */; };
		02CB77A81BF5014D0055CC11 /* LaunchScreen.storyboard in Resources */ = {isa = PBXBuildFile; fileRef = 02CB77A61BF5014D0055CC11 /* LaunchScreen.storyboard */; };
		02CB77B31BF5014D0055CC11 /* FunFactsTests.m in Sources */ = {isa = PBXBuildFile; fileRef = 02CB77B21BF5014D0055CC11 /* FunFactsTests.m */; };
		02CB77BE1BF5014D0055CC11 /* FunFactsUITests.m in Sources */ = {isa = PBXBuildFile; fileRef = 02CB77BD1BF5014D0055CC11 /* FunFactsUITests.m */; };
/* End PBXBuildFile section */

/* Begin PBXContainerItemProxy section */
		02CB77AF1BF5014D0055CC11 /* PBXContainerItemProxy */ = {
			isa = PBXContainerItemProxy;
			containerPortal = 02CB778D1BF5014C0055CC11 /* Project object */;
			proxyType = 1;
			remoteGlobalIDString = 02CB77941BF5014C0055CC11;
			remoteInfo = FunFacts;
		};
		02CB77BA1BF5014D0055CC11 /* PBXContainerItemProxy */ = {
			isa = PBXContainerItemProxy;
			containerPortal = 02CB778D1BF5014C0055CC11 /* Project object */;
			proxyType = 1;
			remoteGlobalIDString = 02CB77941BF5014C0055CC11;
			remoteInfo = FunFacts;
		};
/* End PBXContainerItemProxy section */

/* Begin PBXFileReference section */
		02CB77951BF5014C0055CC11 /* FunFacts.app */ = {isa = PBXFileReference; explicitFileType = wrapper.application; includeInIndex = 0; path = FunFacts.app; sourceTree = BUILT_PRODUCTS_DIR; };
		02CB77991BF5014D0055CC11 /* main.m */ = {isa = PBXFileReference; lastKnownFileType = sourcecode.c.objc; path = main.m; sourceTree = "<group>"; };
		02CB779B1BF5014D0055CC11 /* AppDelegate.h */ = {isa = PBXFileReference; lastKnownFileType = sourcecode.c.h; path = AppDelegate.h; sourceTree = "<group>"; };
		02CB779C1BF5014D0055CC11 /* AppDelegate.m */ = {isa = PBXFileReference; lastKnownFileType = sourcecode.c.objc; path = AppDelegate.m; sourceTree = "<group>"; };
		02CB779E1BF5014D0055CC11 /* ViewController.h */ = {isa = PBXFileReference; lastKnownFileType = sourcecode.c.h; path = ViewController.h; sourceTree = "<group>"; };
		02CB779F1BF5014D0055CC11 /* ViewController.m */ = {isa = PBXFileReference; lastKnownFileType = sourcecode.c.objc; path = ViewController.m; sourceTree = "<group>"; };
		02CB77A21BF5014D0055CC11 /* Base */ = {isa = PBXFileReference; lastKnownFileType = file.storyboard; name = Base; path = Base.lproj/Main.storyboard; sourceTree = "<group>"; };
		02CB77A41BF5014D0055CC11 /* Assets.xcassets */ = {isa = PBXFileReference; lastKnownFileType = folder.assetcatalog; path = Assets.xcassets; sourceTree = "<group>"; };
		02CB77A71BF5014D0055CC11 /* Base */ = {isa = PBXFileReference; lastKnownFileType = file.storyboard; name = Base; path = Base.lproj/LaunchScreen.storyboard; sourceTree = "<group>"; };
		02CB77A91BF5014D0055CC11 /* Info.plist */ = {isa = PBXFileReference; lastKnownFileType = text.plist.xml; path = Info.plist; sourceTree = "<group>"; };
		02CB77AE1BF5014D0055CC11 /* FunFactsTests.xctest */ = {isa = PBXFileReference; explicitFileType = wrapper.cfbundle; includeInIndex = 0; path = FunFactsTests.xctest; sourceTree = BUILT_PRODUCTS_DIR; };
		02CB77B21BF5014D0055CC11 /* FunFactsTests.m */ = {isa = PBXFileReference; lastKnownFileType = sourcecode.c.objc; path = FunFactsTests.m; sourceTree = "<group>"; };
		02CB77B41BF5014D0055CC11 /* Info.plist */ = {isa = PBXFileReference; lastKnownFileType = text.plist.xml; path = Info.plist; sourceTree = "<group>"; };
		02CB77B91BF5014D0055CC11 /* FunFactsUITests.xctest */ = {isa = PBXFileReference; explicitFileType = wrapper.cfbundle; includeInIndex = 0; path = FunFactsUITests.xctest; sourceTree = BUILT_PRODUCTS_DIR; };
		02CB77BD1BF5014D0055CC11 /* FunFactsUITests.m */ = {isa = PBXFileReference; lastKnownFileType = sourcecode.c.objc; path = FunFactsUITests.m; sourceTree = "<group>"; };
		02CB77BF1BF5014D0055CC11 /* Info.plist */ = {isa = PBXFileReference; lastKnownFileType = text.plist.xml; path = Info.plist; sourceTree = "<group>"; };
/* End PBXFileReference section */

/* Begin PBXFrameworksBuildPhase section */
		02CB77921BF5014C0055CC11 /* Frameworks */ = {
			isa = PBXFrameworksBuildPhase;
			buildActionMask = 2147483647;
			files = (
			);
			runOnlyForDeploymentPostprocessing = 0;
		};
		02CB77AB1BF5014D0055CC11 /* Frameworks */ = {
			isa = PBXFrameworksBuildPhase;
			buildActionMask = 2147483647;
			files = (
			);
			runOnlyForDeploymentPostprocessing = 0;
		};
		02CB77B61BF5014D0055CC11 /* Frameworks */ = {
			isa = PBXFrameworksBuildPhase;
			buildActionMask = 2147483647;
			files = (
			);
			runOnlyForDeploymentPostprocessing = 0;
		};
/* End PBXFrameworksBuildPhase section */

/* Begin PBXGroup section */
		02CB778C1BF5014C0055CC11 = {
			isa = PBXGroup;
			children = (
				02CB77971BF5014D0055CC11 /* FunFacts */,
				02CB77B11BF5014D0055CC11 /* FunFactsTests */,
				02CB77BC1BF5014D0055CC11 /* FunFactsUITests */,
				02CB77961BF5014C0055CC11 /* Products */,
			);
			sourceTree = "<group>";
		};
		02CB77961BF5014C0055CC11 /* Products */ = {
			isa = PBXGroup;
			children = (
				02CB77951BF5014C0055CC11 /* FunFacts.app */,
				02CB77AE1BF5014D0055CC11 /* FunFactsTests.xctest */,
				02CB77B91BF5014D0055CC11 /* FunFactsUITests.xctest */,
			);
			name = Products;
			sourceTree = "<group>";
		};
		02CB77971BF5014D0055CC11 /* FunFacts */ = {
			isa = PBXGroup;
			children = (
				02CB779B1BF5014D0055CC11 /* AppDelegate.h */,
				02CB779C1BF5014D0055CC11 /* AppDelegate.m */,
				02CB779E1BF5014D0055CC11 /* ViewController.h */,
				02CB779F1BF5014D0055CC11 /* ViewController.m */,
				02CB77A11BF5014D0055CC11 /* Main.storyboard */,
				02CB77A41BF5014D0055CC11 /* Assets.xcassets */,
				02CB77A61BF5014D0055CC11 /* LaunchScreen.storyboard */,
				02CB77A91BF5014D0055CC11 /* Info.plist */,
				02CB77981BF5014D0055CC11 /* Supporting Files */,
			);
			path = FunFacts;
			sourceTree = "<group>";
		};
		02CB77981BF5014D0055CC11 /* Supporting Files */ = {
			isa = PBXGroup;
			children = (
				02CB77991BF5014D0055CC11 /* main.m */,
			);
			name = "Supporting Files";
			sourceTree = "<group>";
		};
		02CB77B11BF5014D0055CC11 /* FunFactsTests */ = {
			isa = PBXGroup;
			children = (
				02CB77B21BF5014D0055CC11 /* FunFactsTests.m */,
				02CB77B41BF5014D0055CC11 /* Info.plist */,
			);
			path = FunFactsTests;
			sourceTree = "<group>";
		};
		02CB77BC1BF5014D0055CC11 /* FunFactsUITests */ = {
			isa = PBXGroup;
			children = (
				02CB77BD1BF5014D0055CC11 /* FunFactsUITests.m */,
				02CB77BF1BF5014D0055CC11 /* Info.plist */,
			);
			path = FunFactsUITests;
			sourceTree = "<group>";
		};
/* End PBXGroup section */

/* Begin PBXNativeTarget section */
		02CB77941BF5014C0055CC11 /* FunFacts */ = {
			isa = PBXNativeTarget;
			buildConfigurationList = 02CB77C21BF5014D0055CC11 /* Build configuration list for PBXNativeTarget "FunFacts" */;
			buildPhases = (
				02CB77911BF5014C0055CC11 /* Sources */,
				02CB77921BF5014C0055CC11 /* Frameworks */,
				02CB77931BF5014C0055CC11 /* Resources */,
			);
			buildRules = (
			);
			dependencies = (
			);
			name = FunFacts;
			productName = FunFacts;
			productReference = 02CB77951BF5014C0055CC11 /* FunFacts.app */;
			productType = "com.apple.product-type.application";
		};
		02CB77AD1BF5014D0055CC11 /* FunFactsTests */ = {
			isa = PBXNativeTarget;
			buildConfigurationList = 02CB77C51BF5014D0055CC11 /* Build configuration list for PBXNativeTarget "FunFactsTests" */;
			buildPhases = (
				02CB77AA1BF5014D0055CC11 /* Sources */,
				02CB77AB1BF5014D0055CC11 /* Frameworks */,
				02CB77AC1BF5014D0055CC11 /* Resources */,
			);
			buildRules = (
			);
			dependencies = (
				02CB77B01BF5014D0055CC11 /* PBXTargetDependency */,
			);
			name = FunFactsTests;
			productName = FunFactsTests;
			productReference = 02CB77AE1BF5014D0055CC11 /* FunFactsTests.xctest */;
			productType = "com.apple.product-type.bundle.unit-test";
		};
		02CB77B81BF5014D0055CC11 /* FunFactsUITests */ = {
			isa = PBXNativeTarget;
			buildConfigurationList = 02CB77C81BF5014D0055CC11 /* Build configuration list for PBXNativeTarget "FunFactsUITests" */;
			buildPhases = (
				02CB77B51BF5014D0055CC11 /* Sources */,
				02CB77B61BF5014D0055CC11 /* Frameworks */,
				02CB77B71BF5014D0055CC11 /* Resources */,
			);
			buildRules = (
			);
			dependencies = (
				02CB77BB1BF5014D0055CC11 /* PBXTargetDependency */,
			);
			name = FunFactsUITests;
			productName = FunFactsUITests;
			productReference = 02CB77B91BF5014D0055CC11 /* FunFactsUITests.xctest */;
			productType = "com.apple.product-type.bundle.ui-testing";
		};
/* End PBXNativeTarget section */

/* Begin PBXProject section */
		02CB778D1BF5014C0055CC11 /* Project object */ = {
			isa = PBXProject;
			attributes = {
				LastUpgradeCheck = 0710;
				ORGANIZATIONNAME = "Pierre Thalamy";
				TargetAttributes = {
					02CB77941BF5014C0055CC11 = {
						CreatedOnToolsVersion = 7.1;
						DevelopmentTeam = HL83CJNYPK;
					};
					02CB77AD1BF5014D0055CC11 = {
						CreatedOnToolsVersion = 7.1;
						DevelopmentTeam = HL83CJNYPK;
						TestTargetID = 02CB77941BF5014C0055CC11;
					};
					02CB77B81BF5014D0055CC11 = {
						CreatedOnToolsVersion = 7.1;
						DevelopmentTeam = HL83CJNYPK;
						TestTargetID = 02CB77941BF5014C0055CC11;
					};
				};
			};
			buildConfigurationList = 02CB77901BF5014C0055CC11 /* Build configuration list for PBXProject "FunFacts" */;
			compatibilityVersion = "Xcode 3.2";
			developmentRegion = English;
			hasScannedForEncodings = 0;
			knownRegions = (
				en,
				Base,
			);
			mainGroup = 02CB778C1BF5014C0055CC11;
			productRefGroup = 02CB77961BF5014C0055CC11 /* Products */;
			projectDirPath = "";
			projectRoot = "";
			targets = (
				02CB77941BF5014C0055CC11 /* FunFacts */,
				02CB77AD1BF5014D0055CC11 /* FunFactsTests */,
				02CB77B81BF5014D0055CC11 /* FunFactsUITests */,
			);
		};
/* End PBXProject section */

/* Begin PBXResourcesBuildPhase section */
		02CB77931BF5014C0055CC11 /* Resources */ = {
			isa = PBXResourcesBuildPhase;
			buildActionMask = 2147483647;
			files = (
				02CB77A81BF5014D0055CC11 /* LaunchScreen.storyboard in Resources */,
				02CB77A51BF5014D0055CC11 /* Assets.xcassets in Resources */,
				02CB77A31BF5014D0055CC11 /* Main.storyboard in Resources */,
			);
			runOnlyForDeploymentPostprocessing = 0;
		};
		02CB77AC1BF5014D0055CC11 /* Resources */ = {
			isa = PBXResourcesBuildPhase;
			buildActionMask = 2147483647;
			files = (
			);
			runOnlyForDeploymentPostprocessing = 0;
		};
		02CB77B71BF5014D0055CC11 /* Resources */ = {
			isa = PBXResourcesBuildPhase;
			buildActionMask = 2147483647;
			files = (
			);
			runOnlyForDeploymentPostprocessing = 0;
		};
/* End PBXResourcesBuildPhase section */

/* Begin PBXSourcesBuildPhase section */
		02CB77911BF5014C0055CC11 /* Sources */ = {
			isa = PBXSourcesBuildPhase;
			buildActionMask = 2147483647;
			files = (
				02CB77A01BF5014D0055CC11 /* ViewController.m in Sources */,
				02CB779D1BF5014D0055CC11 /* AppDelegate.m in Sources */,
				02CB779A1BF5014D0055CC11 /* main.m in Sources */,
			);
			runOnlyForDeploymentPostprocessing = 0;
		};
		02CB77AA1BF5014D0055CC11 /* Sources */ = {
			isa = PBXSourcesBuildPhase;
			buildActionMask = 2147483647;
			files = (
				02CB77B31BF5014D0055CC11 /* FunFactsTests.m in Sources */,
			);
			runOnlyForDeploymentPostprocessing = 0;
		};
		02CB77B51BF5014D0055CC11 /* Sources */ = {
			isa = PBXSourcesBuildPhase;
			buildActionMask = 2147483647;
			files = (
				02CB77BE1BF5014D0055CC11 /* FunFactsUITests.m in Sources */,
			);
			runOnlyForDeploymentPostprocessing = 0;
		};
/* End PBXSourcesBuildPhase section */

/* Begin PBXTargetDependency section */
		02CB77B01BF5014D0055CC11 /* PBXTargetDependency */ = {
			isa = PBXTargetDependency;
			target = 02CB77941BF5014C0055CC11 /* FunFacts */;
			targetProxy = 02CB77AF1BF5014D0055CC11 /* PBXContainerItemProxy */;
		};
		02CB77BB1BF5014D0055CC11 /* PBXTargetDependency */ = {
			isa = PBXTargetDependency;
			target = 02CB77941BF5014C0055CC11 /* FunFacts */;
			targetProxy = 02CB77BA1BF5014D0055CC11 /* PBXContainerItemProxy */;
		};
/* End PBXTargetDependency section */

/* Begin PBXVariantGroup section */
		02CB77A11BF5014D0055CC11 /* Main.storyboard */ = {
			isa = PBXVariantGroup;
			children = (
				02CB77A21BF5014D0055CC11 /* Base */,
			);
			name = Main.storyboard;
			sourceTree = "<group>";
		};
		02CB77A61BF5014D0055CC11 /* LaunchScreen.storyboard */ = {
			isa = PBXVariantGroup;
			children = (
				02CB77A71BF5014D0055CC11 /* Base */,
			);
			name = LaunchScreen.storyboard;
			sourceTree = "<group>";
		};
/* End PBXVariantGroup section */

/* Begin XCBuildConfiguration section */
		02CB77C01BF5014D0055CC11 /* Debug */ = {
			isa = XCBuildConfiguration;
			buildSettings = {
				ALWAYS_SEARCH_USER_PATHS = NO;
				CLANG_CXX_LANGUAGE_STANDARD = "gnu++0x";
				CLANG_CXX_LIBRARY = "libc++";
				CLANG_ENABLE_MODULES = YES;
				CLANG_ENABLE_OBJC_ARC = YES;
				CLANG_WARN_BOOL_CONVERSION = YES;
				CLANG_WARN_CONSTANT_CONVERSION = YES;
				CLANG_WARN_DIRECT_OBJC_ISA_USAGE = YES_ERROR;
				CLANG_WARN_EMPTY_BODY = YES;
				CLANG_WARN_ENUM_CONVERSION = YES;
				CLANG_WARN_INT_CONVERSION = YES;
				CLANG_WARN_OBJC_ROOT_CLASS = YES_ERROR;
				CLANG_WARN_UNREACHABLE_CODE = YES;
				CLANG_WARN__DUPLICATE_METHOD_MATCH = YES;
				"CODE_SIGN_IDENTITY[sdk=iphoneos*]" = "iPhone Developer";
				COPY_PHASE_STRIP = NO;
				DEBUG_INFORMATION_FORMAT = dwarf;
				ENABLE_STRICT_OBJC_MSGSEND = YES;
				ENABLE_TESTABILITY = YES;
				GCC_C_LANGUAGE_STANDARD = gnu99;
				GCC_DYNAMIC_NO_PIC = NO;
				GCC_NO_COMMON_BLOCKS = YES;
				GCC_OPTIMIZATION_LEVEL = 0;
				GCC_PREPROCESSOR_DEFINITIONS = (
					"DEBUG=1",
					"$(inherited)",
				);
				GCC_WARN_64_TO_32_BIT_CONVERSION = YES;
				GCC_WARN_ABOUT_RETURN_TYPE = YES_ERROR;
				GCC_WARN_UNDECLARED_SELECTOR = YES;
				GCC_WARN_UNINITIALIZED_AUTOS = YES_AGGRESSIVE;
				GCC_WARN_UNUSED_FUNCTION = YES;
				GCC_WARN_UNUSED_VARIABLE = YES;
				IPHONEOS_DEPLOYMENT_TARGET = 9.1;
				MTL_ENABLE_DEBUG_INFO = YES;
				ONLY_ACTIVE_ARCH = YES;
				SDKROOT = iphoneos;
			};
			name = Debug;
		};
		02CB77C11BF5014D0055CC11 /* Release */ = {
			isa = XCBuildConfiguration;
			buildSettings = {
				ALWAYS_SEARCH_USER_PATHS = NO;
				CLANG_CXX_LANGUAGE_STANDARD = "gnu++0x";
				CLANG_CXX_LIBRARY = "libc++";
				CLANG_ENABLE_MODULES = YES;
				CLANG_ENABLE_OBJC_ARC = YES;
				CLANG_WARN_BOOL_CONVERSION = YES;
				CLANG_WARN_CONSTANT_CONVERSION = YES;
				CLANG_WARN_DIRECT_OBJC_ISA_USAGE = YES_ERROR;
				CLANG_WARN_EMPTY_BODY = YES;
				CLANG_WARN_ENUM_CONVERSION = YES;
				CLANG_WARN_INT_CONVERSION = YES;
				CLANG_WARN_OBJC_ROOT_CLASS = YES_ERROR;
				CLANG_WARN_UNREACHABLE_CODE = YES;
				CLANG_WARN__DUPLICATE_METHOD_MATCH = YES;
				"CODE_SIGN_IDENTITY[sdk=iphoneos*]" = "iPhone Developer";
				COPY_PHASE_STRIP = NO;
				DEBUG_INFORMATION_FORMAT = "dwarf-with-dsym";
				ENABLE_NS_ASSERTIONS = NO;
				ENABLE_STRICT_OBJC_MSGSEND = YES;
				GCC_C_LANGUAGE_STANDARD = gnu99;
				GCC_NO_COMMON_BLOCKS = YES;
				GCC_WARN_64_TO_32_BIT_CONVERSION = YES;
				GCC_WARN_ABOUT_RETURN_TYPE = YES_ERROR;
				GCC_WARN_UNDECLARED_SELECTOR = YES;
				GCC_WARN_UNINITIALIZED_AUTOS = YES_AGGRESSIVE;
				GCC_WARN_UNUSED_FUNCTION = YES;
				GCC_WARN_UNUSED_VARIABLE = YES;
				IPHONEOS_DEPLOYMENT_TARGET = 9.1;
				MTL_ENABLE_DEBUG_INFO = NO;
				SDKROOT = iphoneos;
				VALIDATE_PRODUCT = YES;
			};
			name = Release;
		};
		02CB77C31BF5014D0055CC11 /* Debug */ = {
			isa = XCBuildConfiguration;
			buildSettings = {
				ASSETCATALOG_COMPILER_APPICON_NAME = AppIcon;
				INFOPLIST_FILE = FunFacts/Info.plist;
				LD_RUNPATH_SEARCH_PATHS = "$(inherited) @executable_path/Frameworks";
				PRODUCT_BUNDLE_IDENTIFIER = com.pierrethalamy.FunFacts;
				PRODUCT_NAME = "$(TARGET_NAME)";
			};
			name = Debug;
		};
		02CB77C41BF5014D0055CC11 /* Release */ = {
			isa = XCBuildConfiguration;
			buildSettings = {
				ASSETCATALOG_COMPILER_APPICON_NAME = AppIcon;
				INFOPLIST_FILE = FunFacts/Info.plist;
				LD_RUNPATH_SEARCH_PATHS = "$(inherited) @executable_path/Frameworks";
				PRODUCT_BUNDLE_IDENTIFIER = com.pierrethalamy.FunFacts;
				PRODUCT_NAME = "$(TARGET_NAME)";
			};
			name = Release;
		};
		02CB77C61BF5014D0055CC11 /* Debug */ = {
			isa = XCBuildConfiguration;
			buildSettings = {
				BUNDLE_LOADER = "$(TEST_HOST)";
				INFOPLIST_FILE = FunFactsTests/Info.plist;
				LD_RUNPATH_SEARCH_PATHS = "$(inherited) @executable_path/Frameworks @loader_path/Frameworks";
				PRODUCT_BUNDLE_IDENTIFIER = com.pierrethalamy.FunFactsTests;
				PRODUCT_NAME = "$(TARGET_NAME)";
				TEST_HOST = "$(BUILT_PRODUCTS_DIR)/FunFacts.app/FunFacts";
			};
			name = Debug;
		};
		02CB77C71BF5014D0055CC11 /* Release */ = {
			isa = XCBuildConfiguration;
			buildSettings = {
				BUNDLE_LOADER = "$(TEST_HOST)";
				INFOPLIST_FILE = FunFactsTests/Info.plist;
				LD_RUNPATH_SEARCH_PATHS = "$(inherited) @executable_path/Frameworks @loader_path/Frameworks";
				PRODUCT_BUNDLE_IDENTIFIER = com.pierrethalamy.FunFactsTests;
				PRODUCT_NAME = "$(TARGET_NAME)";
				TEST_HOST = "$(BUILT_PRODUCTS_DIR)/FunFacts.app/FunFacts";
			};
			name = Release;
		};
		02CB77C91BF5014D0055CC11 /* Debug */ = {
			isa = XCBuildConfiguration;
			buildSettings = {
				INFOPLIST_FILE = FunFactsUITests/Info.plist;
				LD_RUNPATH_SEARCH_PATHS = "$(inherited) @executable_path/Frameworks @loader_path/Frameworks";
				PRODUCT_BUNDLE_IDENTIFIER = com.pierrethalamy.FunFactsUITests;
				PRODUCT_NAME = "$(TARGET_NAME)";
				TEST_TARGET_NAME = FunFacts;
				USES_XCTRUNNER = YES;
			};
			name = Debug;
		};
		02CB77CA1BF5014D0055CC11 /* Release */ = {
			isa = XCBuildConfiguration;
			buildSettings = {
				INFOPLIST_FILE = FunFactsUITests/Info.plist;
				LD_RUNPATH_SEARCH_PATHS = "$(inherited) @executable_path/Frameworks @loader_path/Frameworks";
				PRODUCT_BUNDLE_IDENTIFIER = com.pierrethalamy.FunFactsUITests;
				PRODUCT_NAME = "$(TARGET_NAME)";
				TEST_TARGET_NAME = FunFacts;
				USES_XCTRUNNER = YES;
			};
			name = Release;
		};
/* End XCBuildConfiguration section */

/* Begin XCConfigurationList section */
		02CB77901BF5014C0055CC11 /* Build configuration list for PBXProject "FunFacts" */ = {
			isa = XCConfigurationList;
			buildConfigurations = (
				02CB77C01BF5014D0055CC11 /* Debug */,
				02CB77C11BF5014D0055CC11 /* Release */,
			);
			defaultConfigurationIsVisible = 0;
			defaultConfigurationName = Release;
		};
		02CB77C21BF5014D0055CC11 /* Build configuration list for PBXNativeTarget "FunFacts" */ = {
			isa = XCConfigurationList;
			buildConfigurations = (
				02CB77C31BF5014D0055CC11 /* Debug */,
				02CB77C41BF5014D0055CC11 /* Release */,
			);
			defaultConfigurationIsVisible = 0;
		};
		02CB77C51BF5014D0055CC11 /* Build configuration list for PBXNativeTarget "FunFactsTests" */ = {
			isa = XCConfigurationList;
			buildConfigurations = (
				02CB77C61BF5014D0055CC11 /* Debug */,
				02CB77C71BF5014D0055CC11 /* Release */,
			);
			defaultConfigurationIsVisible = 0;
		};
		02CB77C81BF5014D0055CC11 /* Build configuration list for PBXNativeTarget "FunFactsUITests" */ = {
			isa = XCConfigurationList;
			buildConfigurations = (
				02CB77C91BF5014D0055CC11 /* Debug */,
				02CB77CA1BF5014D0055CC11 /* Release */,
			);
			defaultConfigurationIsVisible = 0;
		};
/* End XCConfigurationList section */
	};
	rootObject = 02CB778D1BF5014C0055CC11 /* Project object */;
}
